{
  "version": 4,
  "terraform_version": "1.6.1",
  "serial": 7,
  "lineage": "b3651c8c-903f-9f59-054b-ed6863d465b1",
  "outputs": {
    "my_igw_id": {
      "value": "igw-007aa40b375d68c4f",
      "type": "string"
    },
    "my_vpc_info": {
      "value": {
        "cidr_block": "10.0.0.0/16",
        "subnet_cidr_blocks": [
          "10.0.0.0/24",
          "10.0.1.0/24"
        ],
        "subnet_ids": [
          "subnet-0830bda0d20f93e4e",
          "subnet-0cd97c55f06abc4be"
        ],
        "vpc_id": "vpc-0da2ad127e6f2bb6f"
      },
      "type": [
        "object",
        {
          "cidr_block": "string",
          "subnet_cidr_blocks": [
            "tuple",
            [
              "string",
              "string"
            ]
          ],
          "subnet_ids": [
            "tuple",
            [
              "string",
              "string"
            ]
          ],
          "vpc_id": "string"
        }
      ]
    }
  },
  "resources": [
    {
      "module": "module.my_igw",
      "mode": "managed",
      "type": "aws_internet_gateway",
      "name": "my_igw",
      "provider": "provider[\"registry.terraform.io/hashicorp/aws\"]",
      "instances": [
        {
          "schema_version": 0,
          "attributes": {
            "arn": "arn:aws:ec2:us-east-1:633166094506:internet-gateway/igw-007aa40b375d68c4f",
            "id": "igw-007aa40b375d68c4f",
            "owner_id": "633166094506",
            "tags": {},
            "tags_all": {},
            "timeouts": null,
            "vpc_id": "vpc-0da2ad127e6f2bb6f"
          },
          "sensitive_attributes": [],
          "private": "eyJlMmJmYjczMC1lY2FhLTExZTYtOGY4OC0zNDM2M2JjN2M0YzAiOnsiY3JlYXRlIjoxMjAwMDAwMDAwMDAwLCJkZWxldGUiOjEyMDAwMDAwMDAwMDAsInVwZGF0ZSI6MTIwMDAwMDAwMDAwMH19",
          "dependencies": [
            "module.my_vpc.aws_subnet.public_subnet",
            "module.my_vpc.aws_vpc.my_vpc"
          ]
        }
      ]
    },
    {
      "module": "module.my_vpc",
      "mode": "managed",
      "type": "aws_subnet",
      "name": "public_subnet",
      "provider": "provider[\"registry.terraform.io/hashicorp/aws\"]",
      "instances": [
        {
          "index_key": 0,
          "schema_version": 1,
          "attributes": {
            "arn": "arn:aws:ec2:us-east-1:633166094506:subnet/subnet-0830bda0d20f93e4e",
            "assign_ipv6_address_on_creation": false,
            "availability_zone": "us-east-1a",
            "availability_zone_id": "use1-az2",
            "cidr_block": "10.0.0.0/24",
            "customer_owned_ipv4_pool": "",
            "enable_dns64": false,
            "enable_lni_at_device_index": 0,
            "enable_resource_name_dns_a_record_on_launch": false,
            "enable_resource_name_dns_aaaa_record_on_launch": false,
            "id": "subnet-0830bda0d20f93e4e",
            "ipv6_cidr_block": "",
            "ipv6_cidr_block_association_id": "",
            "ipv6_native": false,
            "map_customer_owned_ip_on_launch": false,
            "map_public_ip_on_launch": false,
            "outpost_arn": "",
            "owner_id": "633166094506",
            "private_dns_hostname_type_on_launch": "ip-name",
            "tags": {
              "Name": "Public Subnet "
            },
            "tags_all": {
              "Name": "Public Subnet "
            },
            "timeouts": null,
            "vpc_id": "vpc-0da2ad127e6f2bb6f"
          },
          "sensitive_attributes": [],
          "private": "eyJlMmJmYjczMC1lY2FhLTExZTYtOGY4OC0zNDM2M2JjN2M0YzAiOnsiY3JlYXRlIjo2MDAwMDAwMDAwMDAsImRlbGV0ZSI6MTIwMDAwMDAwMDAwMH0sInNjaGVtYV92ZXJzaW9uIjoiMSJ9",
          "dependencies": [
            "module.my_vpc.aws_vpc.my_vpc"
          ]
        },
        {
          "index_key": 1,
          "schema_version": 1,
          "attributes": {
            "arn": "arn:aws:ec2:us-east-1:633166094506:subnet/subnet-0cd97c55f06abc4be",
            "assign_ipv6_address_on_creation": false,
            "availability_zone": "us-east-1a",
            "availability_zone_id": "use1-az2",
            "cidr_block": "10.0.1.0/24",
            "customer_owned_ipv4_pool": "",
            "enable_dns64": false,
            "enable_lni_at_device_index": 0,
            "enable_resource_name_dns_a_record_on_launch": false,
            "enable_resource_name_dns_aaaa_record_on_launch": false,
            "id": "subnet-0cd97c55f06abc4be",
            "ipv6_cidr_block": "",
            "ipv6_cidr_block_association_id": "",
            "ipv6_native": false,
            "map_customer_owned_ip_on_launch": false,
            "map_public_ip_on_launch": false,
            "outpost_arn": "",
            "owner_id": "633166094506",
            "private_dns_hostname_type_on_launch": "ip-name",
            "tags": {
              "Name": "Public Subnet "
            },
            "tags_all": {
              "Name": "Public Subnet "
            },
            "timeouts": null,
            "vpc_id": "vpc-0da2ad127e6f2bb6f"
          },
          "sensitive_attributes": [],
          "private": "eyJlMmJmYjczMC1lY2FhLTExZTYtOGY4OC0zNDM2M2JjN2M0YzAiOnsiY3JlYXRlIjo2MDAwMDAwMDAwMDAsImRlbGV0ZSI6MTIwMDAwMDAwMDAwMH0sInNjaGVtYV92ZXJzaW9uIjoiMSJ9",
          "dependencies": [
            "module.my_vpc.aws_vpc.my_vpc"
          ]
        }
      ]
    },
    {
      "module": "module.my_vpc",
      "mode": "managed",
      "type": "aws_vpc",
      "name": "my_vpc",
      "provider": "provider[\"registry.terraform.io/hashicorp/aws\"]",
      "instances": [
        {
          "schema_version": 1,
          "attributes": {
            "arn": "arn:aws:ec2:us-east-1:633166094506:vpc/vpc-0da2ad127e6f2bb6f",
            "assign_generated_ipv6_cidr_block": false,
            "cidr_block": "10.0.0.0/16",
            "default_network_acl_id": "acl-087a718c33bd7f285",
            "default_route_table_id": "rtb-041e123aaae0de5c7",
            "default_security_group_id": "sg-0e39f213b952fa99f",
            "dhcp_options_id": "dopt-01fa29845415acace",
            "enable_dns_hostnames": true,
            "enable_dns_support": true,
            "enable_network_address_usage_metrics": false,
            "id": "vpc-0da2ad127e6f2bb6f",
            "instance_tenancy": "default",
            "ipv4_ipam_pool_id": null,
            "ipv4_netmask_length": null,
            "ipv6_association_id": "",
            "ipv6_cidr_block": "",
            "ipv6_cidr_block_network_border_group": "",
            "ipv6_ipam_pool_id": "",
            "ipv6_netmask_length": 0,
            "main_route_table_id": "rtb-041e123aaae0de5c7",
            "owner_id": "633166094506",
            "tags": {
              "Name": "vpc-test"
            },
            "tags_all": {
              "Name": "vpc-test"
            }
          },
          "sensitive_attributes": [],
          "private": "eyJzY2hlbWFfdmVyc2lvbiI6IjEifQ=="
        }
      ]
    }
  ],
  "check_results": null
}
