{
  "version": 4,
  "terraform_version": "1.5.7",
  "serial": 196,
  "lineage": "52ea7cee-d5ce-798f-53fd-7bc2699f5480",
  "outputs": {
    "url": {
      "value": "dine-out-website-bucket.s3-website-us-east-1.amazonaws.com",
      "type": "string"
    }
  },
  "resources": [
    {
      "mode": "data",
      "type": "aws_iam_role",
      "name": "lab_role",
      "provider": "provider[\"registry.terraform.io/hashicorp/aws\"]",
      "instances": [
        {
          "schema_version": 0,
          "attributes": {
            "arn": "arn:aws:iam::619733536991:role/LabRole",
            "assume_role_policy": "{\"Version\":\"2012-10-17\",\"Statement\":[{\"Effect\":\"Allow\",\"Principal\":{\"AWS\":\"arn:aws:iam::619733536991:role/LabRole\",\"Service\":[\"elasticbeanstalk.amazonaws.com\",\"cloudformation.amazonaws.com\",\"redshift.amazonaws.com\",\"elasticmapreduce.amazonaws.com\",\"athena.amazonaws.com\",\"batch.amazonaws.com\",\"scheduler.amazonaws.com\",\"sagemaker.amazonaws.com\",\"autoscaling.amazonaws.com\",\"robomaker.amazonaws.com\",\"kendra.amazonaws.com\",\"secretsmanager.amazonaws.com\",\"quicksight.amazonaws.com\",\"deepracer.amazonaws.com\",\"codewhisperer.amazonaws.com\",\"eks-fargate-pods.amazonaws.com\",\"lex.amazonaws.com\",\"kms.amazonaws.com\",\"resource-groups.amazonaws.com\",\"ssm.amazonaws.com\",\"logs.amazonaws.com\",\"cognito-idp.amazonaws.com\",\"firehose.amazonaws.com\",\"cloud9.amazonaws.com\",\"cloudtrail.amazonaws.com\",\"glue.amazonaws.com\",\"iotevents.amazonaws.com\",\"states.amazonaws.com\",\"storagegateway.amazonaws.com\",\"events.amazonaws.com\",\"datapipeline.amazonaws.com\",\"application-autoscaling.amazonaws.com\",\"dynamodb.amazonaws.com\",\"codecommit.amazonaws.com\",\"iotanalytics.amazonaws.com\",\"sns.amazonaws.com\",\"ecs-tasks.amazonaws.com\",\"lambda.amazonaws.com\",\"rds.amazonaws.com\",\"iot.amazonaws.com\",\"backup.amazonaws.com\",\"kinesisanalytics.amazonaws.com\",\"databrew.amazonaws.com\",\"servicecatalog.amazonaws.com\",\"credentials.iot.amazonaws.com\",\"cloudfront.amazonaws.com\",\"eks.amazonaws.com\",\"personalize.amazonaws.com\",\"s3.amazonaws.com\",\"forecast.amazonaws.com\",\"kinesis.amazonaws.com\",\"ec2.amazonaws.com\",\"codedeploy.amazonaws.com\",\"ec2.application-autoscaling.amazonaws.com\",\"elasticloadbalancing.amazonaws.com\",\"elasticfilesystem.amazonaws.com\",\"apigateway.amazonaws.com\",\"rekognition.amazonaws.com\",\"sqs.amazonaws.com\"]},\"Action\":\"sts:AssumeRole\"}]}",
            "create_date": "2023-10-17T12:27:03Z",
            "description": "",
            "id": "LabRole",
            "max_session_duration": 3600,
            "name": "LabRole",
            "path": "/",
            "permissions_boundary": "",
            "role_last_used": [
              {
                "last_used_date": "2023-10-18T23:05:57Z",
                "region": "us-east-1"
              }
            ],
            "tags": {
              "cloudlab": "c90778a1999054l5023617t1w619733536991"
            },
            "unique_id": "AROAZASX7KDP5H3OBU2KN"
          },
          "sensitive_attributes": []
        }
      ]
    },
    {
      "mode": "managed",
      "type": "aws_s3_object",
      "name": "website_data",
      "provider": "provider[\"registry.terraform.io/hashicorp/aws\"]",
      "instances": [
        {
          "index_key": "error.html",
          "schema_version": 0,
          "attributes": {
            "acl": null,
            "bucket": "dine-out-website-bucket",
            "bucket_key_enabled": false,
            "cache_control": "",
            "checksum_algorithm": null,
            "checksum_crc32": "",
            "checksum_crc32c": "",
            "checksum_sha1": "",
            "checksum_sha256": "",
            "content": null,
            "content_base64": null,
            "content_disposition": "",
            "content_encoding": "",
            "content_language": "",
            "content_type": "text/html",
            "etag": "401856f3e054a56675ded0e7f8cca3ab",
            "force_destroy": false,
            "id": "error.html",
            "key": "error.html",
            "kms_key_id": null,
            "metadata": null,
            "object_lock_legal_hold_status": "",
            "object_lock_mode": "",
            "object_lock_retain_until_date": "",
            "server_side_encryption": "AES256",
            "source": "./resources/html/error.html",
            "source_hash": null,
            "storage_class": "STANDARD",
            "tags": null,
            "tags_all": {},
            "version_id": "",
            "website_redirect": ""
          },
          "sensitive_attributes": [],
          "private": "bnVsbA==",
          "dependencies": [
            "module.website_bucket.aws_s3_bucket.this",
            "module.website_bucket.aws_s3_bucket_policy.this"
          ]
        },
        {
          "index_key": "index.html",
          "schema_version": 0,
          "attributes": {
            "acl": null,
            "bucket": "dine-out-website-bucket",
            "bucket_key_enabled": false,
            "cache_control": "",
            "checksum_algorithm": null,
            "checksum_crc32": "",
            "checksum_crc32c": "",
            "checksum_sha1": "",
            "checksum_sha256": "",
            "content": null,
            "content_base64": null,
            "content_disposition": "",
            "content_encoding": "",
            "content_language": "",
            "content_type": "text/html",
            "etag": "68a2ae869d8393ddf518c95d177965d8",
            "force_destroy": false,
            "id": "index.html",
            "key": "index.html",
            "kms_key_id": null,
            "metadata": null,
            "object_lock_legal_hold_status": "",
            "object_lock_mode": "",
            "object_lock_retain_until_date": "",
            "server_side_encryption": "AES256",
            "source": "./resources/html/index.html",
            "source_hash": null,
            "storage_class": "STANDARD",
            "tags": null,
            "tags_all": {},
            "version_id": "",
            "website_redirect": ""
          },
          "sensitive_attributes": [],
          "private": "bnVsbA==",
          "dependencies": [
            "module.website_bucket.aws_s3_bucket.this",
            "module.website_bucket.aws_s3_bucket_policy.this"
          ]
        }
      ]
    },
    {
      "module": "module.website_bucket",
      "mode": "data",
      "type": "aws_caller_identity",
      "name": "current",
      "provider": "provider[\"registry.terraform.io/hashicorp/aws\"]",
      "instances": [
        {
          "schema_version": 0,
          "attributes": {
            "account_id": "619733536991",
            "arn": "arn:aws:sts::619733536991:assumed-role/voclabs/user2689063=GARCIA_MATWIEISZYN,_JUAN_IGNACIO",
            "id": "619733536991",
            "user_id": "AROAZASX7KDP5GU32NNS6:user2689063=GARCIA_MATWIEISZYN,_JUAN_IGNACIO"
          },
          "sensitive_attributes": []
        }
      ]
    },
    {
      "module": "module.website_bucket",
      "mode": "data",
      "type": "aws_canonical_user_id",
      "name": "this",
      "provider": "provider[\"registry.terraform.io/hashicorp/aws\"]",
      "instances": [
        {
          "index_key": 0,
          "schema_version": 0,
          "attributes": {
            "display_name": "awslabsc0w6420009t1696479576",
            "id": "11d59946dcbec5dce4a19a4303518cffe7baafc9eb605e58a0acfff7cda0e025"
          },
          "sensitive_attributes": []
        }
      ]
    },
    {
      "module": "module.website_bucket",
      "mode": "data",
      "type": "aws_partition",
      "name": "current",
      "provider": "provider[\"registry.terraform.io/hashicorp/aws\"]",
      "instances": [
        {
          "schema_version": 0,
          "attributes": {
            "dns_suffix": "amazonaws.com",
            "id": "aws",
            "partition": "aws",
            "reverse_dns_prefix": "com.amazonaws"
          },
          "sensitive_attributes": []
        }
      ]
    },
    {
      "module": "module.website_bucket",
      "mode": "data",
      "type": "aws_region",
      "name": "current",
      "provider": "provider[\"registry.terraform.io/hashicorp/aws\"]",
      "instances": [
        {
          "schema_version": 0,
          "attributes": {
            "description": "US East (N. Virginia)",
            "endpoint": "ec2.us-east-1.amazonaws.com",
            "id": "us-east-1",
            "name": "us-east-1"
          },
          "sensitive_attributes": []
        }
      ]
    },
    {
      "module": "module.website_bucket",
      "mode": "managed",
      "type": "aws_s3_bucket",
      "name": "this",
      "provider": "provider[\"registry.terraform.io/hashicorp/aws\"]",
      "instances": [
        {
          "index_key": 0,
          "schema_version": 0,
          "attributes": {
            "acceleration_status": "",
            "acl": null,
            "arn": "arn:aws:s3:::dine-out-website-bucket",
            "bucket": "dine-out-website-bucket",
            "bucket_domain_name": "dine-out-website-bucket.s3.amazonaws.com",
            "bucket_prefix": "",
            "bucket_regional_domain_name": "dine-out-website-bucket.s3.us-east-1.amazonaws.com",
            "cors_rule": [],
            "force_destroy": false,
            "grant": [
              {
                "id": "11d59946dcbec5dce4a19a4303518cffe7baafc9eb605e58a0acfff7cda0e025",
                "permissions": [
                  "FULL_CONTROL"
                ],
                "type": "CanonicalUser",
                "uri": ""
              }
            ],
            "hosted_zone_id": "Z3AQBSTGFYJSTF",
            "id": "dine-out-website-bucket",
            "lifecycle_rule": [],
            "logging": [],
            "object_lock_configuration": [],
            "object_lock_enabled": false,
            "policy": "",
            "region": "us-east-1",
            "replication_configuration": [],
            "request_payer": "BucketOwner",
            "server_side_encryption_configuration": [
              {
                "rule": [
                  {
                    "apply_server_side_encryption_by_default": [
                      {
                        "kms_master_key_id": "",
                        "sse_algorithm": "AES256"
                      }
                    ],
                    "bucket_key_enabled": false
                  }
                ]
              }
            ],
            "tags": null,
            "tags_all": {},
            "timeouts": null,
            "versioning": [
              {
                "enabled": false,
                "mfa_delete": false
              }
            ],
            "website": [],
            "website_domain": null,
            "website_endpoint": null
          },
          "sensitive_attributes": [],
          "private": "eyJlMmJmYjczMC1lY2FhLTExZTYtOGY4OC0zNDM2M2JjN2M0YzAiOnsiY3JlYXRlIjoxMjAwMDAwMDAwMDAwLCJkZWxldGUiOjM2MDAwMDAwMDAwMDAsInJlYWQiOjEyMDAwMDAwMDAwMDAsInVwZGF0ZSI6MTIwMDAwMDAwMDAwMH19"
        }
      ]
    },
    {
      "module": "module.website_bucket",
      "mode": "managed",
      "type": "aws_s3_bucket_ownership_controls",
      "name": "this",
      "provider": "provider[\"registry.terraform.io/hashicorp/aws\"]",
      "instances": []
    },
    {
      "module": "module.website_bucket",
      "mode": "managed",
      "type": "aws_s3_bucket_policy",
      "name": "this",
      "provider": "provider[\"registry.terraform.io/hashicorp/aws\"]",
      "instances": []
    },
    {
      "module": "module.website_bucket",
      "mode": "managed",
      "type": "aws_s3_bucket_public_access_block",
      "name": "this",
      "provider": "provider[\"registry.terraform.io/hashicorp/aws\"]",
      "instances": [
        {
          "index_key": 0,
          "schema_version": 0,
          "attributes": {
            "block_public_acls": true,
            "block_public_policy": false,
            "bucket": "dine-out-website-bucket",
            "id": "dine-out-website-bucket",
            "ignore_public_acls": true,
            "restrict_public_buckets": true
          },
          "sensitive_attributes": [],
          "private": "bnVsbA==",
          "dependencies": [
            "module.website_bucket.aws_s3_bucket.this"
          ]
        }
      ]
    },
    {
      "module": "module.website_bucket",
      "mode": "managed",
      "type": "aws_s3_bucket_website_configuration",
      "name": "this",
      "provider": "provider[\"registry.terraform.io/hashicorp/aws\"]",
      "instances": [
        {
          "index_key": 0,
          "schema_version": 0,
          "attributes": {
            "bucket": "dine-out-website-bucket",
            "error_document": [
              {
                "key": "404.html"
              }
            ],
            "expected_bucket_owner": "",
            "id": "dine-out-website-bucket",
            "index_document": [
              {
                "suffix": "index.html"
              }
            ],
            "redirect_all_requests_to": [],
            "routing_rule": [],
            "routing_rules": "",
            "website_domain": "s3-website-us-east-1.amazonaws.com",
            "website_endpoint": "dine-out-website-bucket.s3-website-us-east-1.amazonaws.com"
          },
          "sensitive_attributes": [],
          "private": "bnVsbA==",
          "dependencies": [
            "module.website_bucket.aws_s3_bucket.this"
          ]
        }
      ]
    }
  ],
  "check_results": null
}
